// !$*UTF8*$!
{
	archiveVersion = 1;
	classes = {
	};
	objectVersion = 55;
	objects = {

/* Begin PBXBuildFile section */
		5C058DE8E3D5CDA024AA572D /* Pods_MapProj.framework in Frameworks */ = {isa = PBXBuildFile; fileRef = 51CCEB18B4E6162EF1CD6298 /* Pods_MapProj.framework */; };
		B951821E282D91750068A165 /* ColorScheme.swift in Sources */ = {isa = PBXBuildFile; fileRef = B951821C282D91750068A165 /* ColorScheme.swift */; };
		B951821F282D91750068A165 /* IcNames.swift in Sources */ = {isa = PBXBuildFile; fileRef = B951821D282D91750068A165 /* IcNames.swift */; };
		B9518258282D93520068A165 /* ValidationTableViewCell.xib in Resources */ = {isa = PBXBuildFile; fileRef = B9518225282D93520068A165 /* ValidationTableViewCell.xib */; };
		B9518259282D93520068A165 /* ValidationTableViewCell.swift in Sources */ = {isa = PBXBuildFile; fileRef = B9518226282D93520068A165 /* ValidationTableViewCell.swift */; };
		B951825A282D93520068A165 /* TitleTableViewCell.xib in Resources */ = {isa = PBXBuildFile; fileRef = B9518228282D93520068A165 /* TitleTableViewCell.xib */; };
		B951825B282D93520068A165 /* TitleTableViewCell.swift in Sources */ = {isa = PBXBuildFile; fileRef = B9518229282D93520068A165 /* TitleTableViewCell.swift */; };
		B951825C282D93520068A165 /* TextFieldTableViewCell.xib in Resources */ = {isa = PBXBuildFile; fileRef = B951822B282D93520068A165 /* TextFieldTableViewCell.xib */; };
		B951825D282D93520068A165 /* TextFieldTableViewCell.swift in Sources */ = {isa = PBXBuildFile; fileRef = B951822C282D93520068A165 /* TextFieldTableViewCell.swift */; };
		B9518260282D93520068A165 /* ButtonTableViewCell.xib in Resources */ = {isa = PBXBuildFile; fileRef = B9518231282D93520068A165 /* ButtonTableViewCell.xib */; };
		B9518261282D93520068A165 /* ButtonTableViewCell.swift in Sources */ = {isa = PBXBuildFile; fileRef = B9518232282D93520068A165 /* ButtonTableViewCell.swift */; };
		B9518262282D93520068A165 /* ButtonViewCell+ReactiveExtensions.swift in Sources */ = {isa = PBXBuildFile; fileRef = B9518233282D93520068A165 /* ButtonViewCell+ReactiveExtensions.swift */; };
		B9518263282D93520068A165 /* TextButtonCellModel.swift in Sources */ = {isa = PBXBuildFile; fileRef = B9518235282D93520068A165 /* TextButtonCellModel.swift */; };
		B9518264282D93520068A165 /* ButtonCellModel.swift in Sources */ = {isa = PBXBuildFile; fileRef = B9518236282D93520068A165 /* ButtonCellModel.swift */; };
		B9518265282D93520068A165 /* TextFieldCellModel.swift in Sources */ = {isa = PBXBuildFile; fileRef = B9518237282D93520068A165 /* TextFieldCellModel.swift */; };
		B9518266282D93520068A165 /* ValidationCellModel.swift in Sources */ = {isa = PBXBuildFile; fileRef = B9518238282D93520068A165 /* ValidationCellModel.swift */; };
		B9518267282D93520068A165 /* TitleCellModel.swift in Sources */ = {isa = PBXBuildFile; fileRef = B9518239282D93520068A165 /* TitleCellModel.swift */; };
		B9518268282D93520068A165 /* AuthorisationSectionModel.swift in Sources */ = {isa = PBXBuildFile; fileRef = B951823A282D93520068A165 /* AuthorisationSectionModel.swift */; };
		B9518269282D93520068A165 /* AuthorisationCellModel.swift in Sources */ = {isa = PBXBuildFile; fileRef = B951823B282D93520068A165 /* AuthorisationCellModel.swift */; };
		B951826B282D93520068A165 /* AppStep.swift in Sources */ = {isa = PBXBuildFile; fileRef = B951823F282D93520068A165 /* AppStep.swift */; };
		B951826C282D93520068A165 /* UIViewController+Additions.swift in Sources */ = {isa = PBXBuildFile; fileRef = B9518242282D93520068A165 /* UIViewController+Additions.swift */; };
		B951826D282D93520068A165 /* UIFonts+Additions.swift in Sources */ = {isa = PBXBuildFile; fileRef = B9518243282D93520068A165 /* UIFonts+Additions.swift */; };
		B951826E282D93520068A165 /* String+Additions.swift in Sources */ = {isa = PBXBuildFile; fileRef = B9518244282D93520068A165 /* String+Additions.swift */; };
		B9518271282D93520068A165 /* RxTableViewCell.swift in Sources */ = {isa = PBXBuildFile; fileRef = B951824C282D93520068A165 /* RxTableViewCell.swift */; };
		B9518272282D93520068A165 /* RxViewModelProtocol.swift in Sources */ = {isa = PBXBuildFile; fileRef = B951824D282D93520068A165 /* RxViewModelProtocol.swift */; };
		B9518273282D93520068A165 /* AuthorisationViewModel.swift in Sources */ = {isa = PBXBuildFile; fileRef = B9518250282D93520068A165 /* AuthorisationViewModel.swift */; };
		B9518274282D93520068A165 /* RxAuthorisationDataSource.swift in Sources */ = {isa = PBXBuildFile; fileRef = B9518252282D93520068A165 /* RxAuthorisationDataSource.swift */; };
		B9518275282D93520068A165 /* AuthorisationFlow.swift in Sources */ = {isa = PBXBuildFile; fileRef = B9518254282D93520068A165 /* AuthorisationFlow.swift */; };
		B9518276282D93520068A165 /* AuthorisationTableViewController.swift in Sources */ = {isa = PBXBuildFile; fileRef = B9518256282D93520068A165 /* AuthorisationTableViewController.swift */; };
		B9518277282D93520068A165 /* AuthorisationTableViewController.xib in Resources */ = {isa = PBXBuildFile; fileRef = B9518257282D93520068A165 /* AuthorisationTableViewController.xib */; };
		B951827A282D9A640068A165 /* Localizable.strings in Resources */ = {isa = PBXBuildFile; fileRef = B9518279282D9A640068A165 /* Localizable.strings */; };
		B9518283282ED9790068A165 /* User.swift in Sources */ = {isa = PBXBuildFile; fileRef = B9518282282ED9790068A165 /* User.swift */; };
		E04B13D528147BF000058026 /* AppDelegate.swift in Sources */ = {isa = PBXBuildFile; fileRef = E04B13D428147BF000058026 /* AppDelegate.swift */; };
		E04B13D728147BF000058026 /* SceneDelegate.swift in Sources */ = {isa = PBXBuildFile; fileRef = E04B13D628147BF000058026 /* SceneDelegate.swift */; };
		E04B13D928147BF000058026 /* MapsViewController.swift in Sources */ = {isa = PBXBuildFile; fileRef = E04B13D828147BF000058026 /* MapsViewController.swift */; };
		E04B13DC28147BF000058026 /* Main.storyboard in Resources */ = {isa = PBXBuildFile; fileRef = E04B13DA28147BF000058026 /* Main.storyboard */; };
		E04B13DE28147BF300058026 /* Assets.xcassets in Resources */ = {isa = PBXBuildFile; fileRef = E04B13DD28147BF300058026 /* Assets.xcassets */; };
		E04B13E128147BF300058026 /* LaunchScreen.storyboard in Resources */ = {isa = PBXBuildFile; fileRef = E04B13DF28147BF300058026 /* LaunchScreen.storyboard */; };
		E04B1436281DCAE500058026 /* Button+Extensions.swift in Sources */ = {isa = PBXBuildFile; fileRef = E04B1435281DCAE500058026 /* Button+Extensions.swift */; };
		E0C8AB8428245B4200DA36E9 /* Route.swift in Sources */ = {isa = PBXBuildFile; fileRef = E0C8AB8328245B4200DA36E9 /* Route.swift */; };
		E0C8AB8628245ECD00DA36E9 /* Coordinate.swift in Sources */ = {isa = PBXBuildFile; fileRef = E0C8AB8528245ECD00DA36E9 /* Coordinate.swift */; };
/* End PBXBuildFile section */

/* Begin PBXFileReference section */
		153AB330DAEA1B384A468B8D /* Pods-MapProj.debug.xcconfig */ = {isa = PBXFileReference; includeInIndex = 1; lastKnownFileType = text.xcconfig; name = "Pods-MapProj.debug.xcconfig"; path = "Target Support Files/Pods-MapProj/Pods-MapProj.debug.xcconfig"; sourceTree = "<group>"; };
		51CCEB18B4E6162EF1CD6298 /* Pods_MapProj.framework */ = {isa = PBXFileReference; explicitFileType = wrapper.framework; includeInIndex = 0; path = Pods_MapProj.framework; sourceTree = BUILT_PRODUCTS_DIR; };
		85276DA6B059FEECE36C5733 /* Pods-MapProj.release.xcconfig */ = {isa = PBXFileReference; includeInIndex = 1; lastKnownFileType = text.xcconfig; name = "Pods-MapProj.release.xcconfig"; path = "Target Support Files/Pods-MapProj/Pods-MapProj.release.xcconfig"; sourceTree = "<group>"; };
		B951821C282D91750068A165 /* ColorScheme.swift */ = {isa = PBXFileReference; fileEncoding = 4; lastKnownFileType = sourcecode.swift; path = ColorScheme.swift; sourceTree = "<group>"; };
		B951821D282D91750068A165 /* IcNames.swift */ = {isa = PBXFileReference; fileEncoding = 4; lastKnownFileType = sourcecode.swift; path = IcNames.swift; sourceTree = "<group>"; };
		B9518225282D93520068A165 /* ValidationTableViewCell.xib */ = {isa = PBXFileReference; fileEncoding = 4; lastKnownFileType = file.xib; path = ValidationTableViewCell.xib; sourceTree = "<group>"; };
		B9518226282D93520068A165 /* ValidationTableViewCell.swift */ = {isa = PBXFileReference; fileEncoding = 4; lastKnownFileType = sourcecode.swift; path = ValidationTableViewCell.swift; sourceTree = "<group>"; };
		B9518228282D93520068A165 /* TitleTableViewCell.xib */ = {isa = PBXFileReference; fileEncoding = 4; lastKnownFileType = file.xib; path = TitleTableViewCell.xib; sourceTree = "<group>"; };
		B9518229282D93520068A165 /* TitleTableViewCell.swift */ = {isa = PBXFileReference; fileEncoding = 4; lastKnownFileType = sourcecode.swift; path = TitleTableViewCell.swift; sourceTree = "<group>"; };
		B951822B282D93520068A165 /* TextFieldTableViewCell.xib */ = {isa = PBXFileReference; fileEncoding = 4; lastKnownFileType = file.xib; path = TextFieldTableViewCell.xib; sourceTree = "<group>"; };
		B951822C282D93520068A165 /* TextFieldTableViewCell.swift */ = {isa = PBXFileReference; fileEncoding = 4; lastKnownFileType = sourcecode.swift; path = TextFieldTableViewCell.swift; sourceTree = "<group>"; };
		B9518231282D93520068A165 /* ButtonTableViewCell.xib */ = {isa = PBXFileReference; fileEncoding = 4; lastKnownFileType = file.xib; path = ButtonTableViewCell.xib; sourceTree = "<group>"; };
		B9518232282D93520068A165 /* ButtonTableViewCell.swift */ = {isa = PBXFileReference; fileEncoding = 4; lastKnownFileType = sourcecode.swift; path = ButtonTableViewCell.swift; sourceTree = "<group>"; };
		B9518233282D93520068A165 /* ButtonViewCell+ReactiveExtensions.swift */ = {isa = PBXFileReference; fileEncoding = 4; lastKnownFileType = sourcecode.swift; path = "ButtonViewCell+ReactiveExtensions.swift"; sourceTree = "<group>"; };
		B9518235282D93520068A165 /* TextButtonCellModel.swift */ = {isa = PBXFileReference; fileEncoding = 4; lastKnownFileType = sourcecode.swift; path = TextButtonCellModel.swift; sourceTree = "<group>"; };
		B9518236282D93520068A165 /* ButtonCellModel.swift */ = {isa = PBXFileReference; fileEncoding = 4; lastKnownFileType = sourcecode.swift; path = ButtonCellModel.swift; sourceTree = "<group>"; };
		B9518237282D93520068A165 /* TextFieldCellModel.swift */ = {isa = PBXFileReference; fileEncoding = 4; lastKnownFileType = sourcecode.swift; path = TextFieldCellModel.swift; sourceTree = "<group>"; };
		B9518238282D93520068A165 /* ValidationCellModel.swift */ = {isa = PBXFileReference; fileEncoding = 4; lastKnownFileType = sourcecode.swift; path = ValidationCellModel.swift; sourceTree = "<group>"; };
		B9518239282D93520068A165 /* TitleCellModel.swift */ = {isa = PBXFileReference; fileEncoding = 4; lastKnownFileType = sourcecode.swift; path = TitleCellModel.swift; sourceTree = "<group>"; };
		B951823A282D93520068A165 /* AuthorisationSectionModel.swift */ = {isa = PBXFileReference; fileEncoding = 4; lastKnownFileType = sourcecode.swift; path = AuthorisationSectionModel.swift; sourceTree = "<group>"; };
		B951823B282D93520068A165 /* AuthorisationCellModel.swift */ = {isa = PBXFileReference; fileEncoding = 4; lastKnownFileType = sourcecode.swift; path = AuthorisationCellModel.swift; sourceTree = "<group>"; };
		B951823F282D93520068A165 /* AppStep.swift */ = {isa = PBXFileReference; fileEncoding = 4; lastKnownFileType = sourcecode.swift; path = AppStep.swift; sourceTree = "<group>"; };
		B9518242282D93520068A165 /* UIViewController+Additions.swift */ = {isa = PBXFileReference; fileEncoding = 4; lastKnownFileType = sourcecode.swift; path = "UIViewController+Additions.swift"; sourceTree = "<group>"; };
		B9518243282D93520068A165 /* UIFonts+Additions.swift */ = {isa = PBXFileReference; fileEncoding = 4; lastKnownFileType = sourcecode.swift; path = "UIFonts+Additions.swift"; sourceTree = "<group>"; };
		B9518244282D93520068A165 /* String+Additions.swift */ = {isa = PBXFileReference; fileEncoding = 4; lastKnownFileType = sourcecode.swift; path = "String+Additions.swift"; sourceTree = "<group>"; };
		B951824C282D93520068A165 /* RxTableViewCell.swift */ = {isa = PBXFileReference; fileEncoding = 4; lastKnownFileType = sourcecode.swift; path = RxTableViewCell.swift; sourceTree = "<group>"; };
		B951824D282D93520068A165 /* RxViewModelProtocol.swift */ = {isa = PBXFileReference; fileEncoding = 4; lastKnownFileType = sourcecode.swift; path = RxViewModelProtocol.swift; sourceTree = "<group>"; };
		B9518250282D93520068A165 /* AuthorisationViewModel.swift */ = {isa = PBXFileReference; fileEncoding = 4; lastKnownFileType = sourcecode.swift; path = AuthorisationViewModel.swift; sourceTree = "<group>"; };
		B9518252282D93520068A165 /* RxAuthorisationDataSource.swift */ = {isa = PBXFileReference; fileEncoding = 4; lastKnownFileType = sourcecode.swift; path = RxAuthorisationDataSource.swift; sourceTree = "<group>"; };
		B9518254282D93520068A165 /* AuthorisationFlow.swift */ = {isa = PBXFileReference; fileEncoding = 4; lastKnownFileType = sourcecode.swift; path = AuthorisationFlow.swift; sourceTree = "<group>"; };
		B9518256282D93520068A165 /* AuthorisationTableViewController.swift */ = {isa = PBXFileReference; fileEncoding = 4; lastKnownFileType = sourcecode.swift; path = AuthorisationTableViewController.swift; sourceTree = "<group>"; };
		B9518257282D93520068A165 /* AuthorisationTableViewController.xib */ = {isa = PBXFileReference; fileEncoding = 4; lastKnownFileType = file.xib; path = AuthorisationTableViewController.xib; sourceTree = "<group>"; };
		B9518279282D9A640068A165 /* Localizable.strings */ = {isa = PBXFileReference; lastKnownFileType = text.plist.strings; path = Localizable.strings; sourceTree = "<group>"; };
		B9518282282ED9790068A165 /* User.swift */ = {isa = PBXFileReference; lastKnownFileType = sourcecode.swift; path = User.swift; sourceTree = "<group>"; };
		E04B13D128147BF000058026 /* MapProj.app */ = {isa = PBXFileReference; explicitFileType = wrapper.application; includeInIndex = 0; path = MapProj.app; sourceTree = BUILT_PRODUCTS_DIR; };
		E04B13D428147BF000058026 /* AppDelegate.swift */ = {isa = PBXFileReference; lastKnownFileType = sourcecode.swift; path = AppDelegate.swift; sourceTree = "<group>"; };
		E04B13D628147BF000058026 /* SceneDelegate.swift */ = {isa = PBXFileReference; lastKnownFileType = sourcecode.swift; path = SceneDelegate.swift; sourceTree = "<group>"; };
		E04B13D828147BF000058026 /* MapsViewController.swift */ = {isa = PBXFileReference; lastKnownFileType = sourcecode.swift; path = MapsViewController.swift; sourceTree = "<group>"; };
		E04B13DB28147BF000058026 /* Base */ = {isa = PBXFileReference; lastKnownFileType = file.storyboard; name = Base; path = Base.lproj/Main.storyboard; sourceTree = "<group>"; };
		E04B13DD28147BF300058026 /* Assets.xcassets */ = {isa = PBXFileReference; lastKnownFileType = folder.assetcatalog; path = Assets.xcassets; sourceTree = "<group>"; };
		E04B13E028147BF300058026 /* Base */ = {isa = PBXFileReference; lastKnownFileType = file.storyboard; name = Base; path = Base.lproj/LaunchScreen.storyboard; sourceTree = "<group>"; };
		E04B13E228147BF300058026 /* Info.plist */ = {isa = PBXFileReference; lastKnownFileType = text.plist.xml; path = Info.plist; sourceTree = "<group>"; };
		E04B1435281DCAE500058026 /* Button+Extensions.swift */ = {isa = PBXFileReference; lastKnownFileType = sourcecode.swift; path = "Button+Extensions.swift"; sourceTree = "<group>"; };
		E0C8AB8328245B4200DA36E9 /* Route.swift */ = {isa = PBXFileReference; lastKnownFileType = sourcecode.swift; path = Route.swift; sourceTree = "<group>"; };
		E0C8AB8528245ECD00DA36E9 /* Coordinate.swift */ = {isa = PBXFileReference; lastKnownFileType = sourcecode.swift; path = Coordinate.swift; sourceTree = "<group>"; };
/* End PBXFileReference section */

/* Begin PBXFrameworksBuildPhase section */
		E04B13CE28147BF000058026 /* Frameworks */ = {
			isa = PBXFrameworksBuildPhase;
			buildActionMask = 2147483647;
			files = (
				5C058DE8E3D5CDA024AA572D /* Pods_MapProj.framework in Frameworks */,
			);
			runOnlyForDeploymentPostprocessing = 0;
		};
/* End PBXFrameworksBuildPhase section */

/* Begin PBXGroup section */
		B2839FEF07422CCBC1FA93F0 /* Frameworks */ = {
			isa = PBXGroup;
			children = (
				51CCEB18B4E6162EF1CD6298 /* Pods_MapProj.framework */,
			);
			name = Frameworks;
			sourceTree = "<group>";
		};
		B951821B282D91750068A165 /* Resources */ = {
			isa = PBXGroup;
			children = (
				B951821C282D91750068A165 /* ColorScheme.swift */,
				B951821D282D91750068A165 /* IcNames.swift */,
				B9518279282D9A640068A165 /* Localizable.strings */,
			);
			path = Resources;
			sourceTree = "<group>";
		};
		B9518220282D92B90068A165 /* Screens */ = {
			isa = PBXGroup;
			children = (
				B951824E282D93520068A165 /* Authorisation */,
				B9518221282D93520068A165 /* Presentetion */,
			);
			path = Screens;
			sourceTree = "<group>";
		};
		B9518221282D93520068A165 /* Presentetion */ = {
			isa = PBXGroup;
			children = (
				B9518222282D93520068A165 /* CommonCell */,
				B951823C282D93520068A165 /* GeneralNavigation */,
				B9518240282D93520068A165 /* Utils */,
				B9518245282D93520068A165 /* Components */,
			);
			path = Presentetion;
			sourceTree = "<group>";
		};
		B9518222282D93520068A165 /* CommonCell */ = {
			isa = PBXGroup;
			children = (
				B9518223282D93520068A165 /* Cells */,
				B9518234282D93520068A165 /* CellModels */,
			);
			path = CommonCell;
			sourceTree = "<group>";
		};
		B9518223282D93520068A165 /* Cells */ = {
			isa = PBXGroup;
			children = (
				B9518224282D93520068A165 /* ValidationViewCell */,
				B9518227282D93520068A165 /* TitleViewCell */,
				B951822A282D93520068A165 /* TextFieldViewCell */,
				B9518230282D93520068A165 /* ButtonViewCell */,
			);
			path = Cells;
			sourceTree = "<group>";
		};
		B9518224282D93520068A165 /* ValidationViewCell */ = {
			isa = PBXGroup;
			children = (
				B9518225282D93520068A165 /* ValidationTableViewCell.xib */,
				B9518226282D93520068A165 /* ValidationTableViewCell.swift */,
			);
			path = ValidationViewCell;
			sourceTree = "<group>";
		};
		B9518227282D93520068A165 /* TitleViewCell */ = {
			isa = PBXGroup;
			children = (
				B9518228282D93520068A165 /* TitleTableViewCell.xib */,
				B9518229282D93520068A165 /* TitleTableViewCell.swift */,
			);
			path = TitleViewCell;
			sourceTree = "<group>";
		};
		B951822A282D93520068A165 /* TextFieldViewCell */ = {
			isa = PBXGroup;
			children = (
				B951822B282D93520068A165 /* TextFieldTableViewCell.xib */,
				B951822C282D93520068A165 /* TextFieldTableViewCell.swift */,
			);
			path = TextFieldViewCell;
			sourceTree = "<group>";
		};
		B9518230282D93520068A165 /* ButtonViewCell */ = {
			isa = PBXGroup;
			children = (
				B9518231282D93520068A165 /* ButtonTableViewCell.xib */,
				B9518232282D93520068A165 /* ButtonTableViewCell.swift */,
				B9518233282D93520068A165 /* ButtonViewCell+ReactiveExtensions.swift */,
			);
			path = ButtonViewCell;
			sourceTree = "<group>";
		};
		B9518234282D93520068A165 /* CellModels */ = {
			isa = PBXGroup;
			children = (
				B9518235282D93520068A165 /* TextButtonCellModel.swift */,
				B9518236282D93520068A165 /* ButtonCellModel.swift */,
				B9518237282D93520068A165 /* TextFieldCellModel.swift */,
				B9518238282D93520068A165 /* ValidationCellModel.swift */,
				B9518239282D93520068A165 /* TitleCellModel.swift */,
				B951823A282D93520068A165 /* AuthorisationSectionModel.swift */,
				B951823B282D93520068A165 /* AuthorisationCellModel.swift */,
			);
			path = CellModels;
			sourceTree = "<group>";
		};
		B951823C282D93520068A165 /* GeneralNavigation */ = {
			isa = PBXGroup;
			children = (
				B951823F282D93520068A165 /* AppStep.swift */,
			);
			path = GeneralNavigation;
			sourceTree = "<group>";
		};
		B9518240282D93520068A165 /* Utils */ = {
			isa = PBXGroup;
			children = (
				B9518241282D93520068A165 /* Extensions */,
			);
			path = Utils;
			sourceTree = "<group>";
		};
		B9518241282D93520068A165 /* Extensions */ = {
			isa = PBXGroup;
			children = (
				B9518242282D93520068A165 /* UIViewController+Additions.swift */,
				B9518243282D93520068A165 /* UIFonts+Additions.swift */,
				B9518244282D93520068A165 /* String+Additions.swift */,
			);
			path = Extensions;
			sourceTree = "<group>";
		};
		B9518245282D93520068A165 /* Components */ = {
			isa = PBXGroup;
			children = (
				B951824A282D93520068A165 /* Controls */,
			);
			path = Components;
			sourceTree = "<group>";
		};
		B951824A282D93520068A165 /* Controls */ = {
			isa = PBXGroup;
			children = (
				B951824B282D93520068A165 /* RxUITools */,
				B951824D282D93520068A165 /* RxViewModelProtocol.swift */,
			);
			path = Controls;
			sourceTree = "<group>";
		};
		B951824B282D93520068A165 /* RxUITools */ = {
			isa = PBXGroup;
			children = (
				B951824C282D93520068A165 /* RxTableViewCell.swift */,
			);
			path = RxUITools;
			sourceTree = "<group>";
		};
		B951824E282D93520068A165 /* Authorisation */ = {
			isa = PBXGroup;
			children = (
				B951824F282D93520068A165 /* ViewModel */,
				B9518251282D93520068A165 /* DataSource */,
				B9518253282D93520068A165 /* NavigationFlow */,
				B9518255282D93520068A165 /* ViewController */,
			);
			path = Authorisation;
			sourceTree = "<group>";
		};
		B951824F282D93520068A165 /* ViewModel */ = {
			isa = PBXGroup;
			children = (
				B9518250282D93520068A165 /* AuthorisationViewModel.swift */,
			);
			path = ViewModel;
			sourceTree = "<group>";
		};
		B9518251282D93520068A165 /* DataSource */ = {
			isa = PBXGroup;
			children = (
				B9518252282D93520068A165 /* RxAuthorisationDataSource.swift */,
			);
			path = DataSource;
			sourceTree = "<group>";
		};
		B9518253282D93520068A165 /* NavigationFlow */ = {
			isa = PBXGroup;
			children = (
				B9518254282D93520068A165 /* AuthorisationFlow.swift */,
			);
			path = NavigationFlow;
			sourceTree = "<group>";
		};
		B9518255282D93520068A165 /* ViewController */ = {
			isa = PBXGroup;
			children = (
				B9518256282D93520068A165 /* AuthorisationTableViewController.swift */,
				B9518257282D93520068A165 /* AuthorisationTableViewController.xib */,
			);
			path = ViewController;
			sourceTree = "<group>";
		};
		CDE96B5AA01699337491801F /* Pods */ = {
			isa = PBXGroup;
			children = (
				153AB330DAEA1B384A468B8D /* Pods-MapProj.debug.xcconfig */,
				85276DA6B059FEECE36C5733 /* Pods-MapProj.release.xcconfig */,
			);
			path = Pods;
			sourceTree = "<group>";
		};
		E04B13C828147BF000058026 = {
			isa = PBXGroup;
			children = (
				E04B13D328147BF000058026 /* MapProj */,
				E04B13D228147BF000058026 /* Products */,
				CDE96B5AA01699337491801F /* Pods */,
				B2839FEF07422CCBC1FA93F0 /* Frameworks */,
			);
			sourceTree = "<group>";
		};
		E04B13D228147BF000058026 /* Products */ = {
			isa = PBXGroup;
			children = (
				E04B13D128147BF000058026 /* MapProj.app */,
			);
			name = Products;
			sourceTree = "<group>";
		};
		E04B13D328147BF000058026 /* MapProj */ = {
			isa = PBXGroup;
			children = (
				B9518220282D92B90068A165 /* Screens */,
				B951821B282D91750068A165 /* Resources */,
				E0C8AB81282438EA00DA36E9 /* Models */,
				E04B1434281DCACD00058026 /* Extensions */,
				E04B13D428147BF000058026 /* AppDelegate.swift */,
				E04B13D628147BF000058026 /* SceneDelegate.swift */,
				E04B13D828147BF000058026 /* MapsViewController.swift */,
				E04B13DA28147BF000058026 /* Main.storyboard */,
				E04B13DD28147BF300058026 /* Assets.xcassets */,
				E04B13DF28147BF300058026 /* LaunchScreen.storyboard */,
				E04B13E228147BF300058026 /* Info.plist */,
			);
			path = MapProj;
			sourceTree = "<group>";
		};
		E04B1434281DCACD00058026 /* Extensions */ = {
			isa = PBXGroup;
			children = (
				E04B1435281DCAE500058026 /* Button+Extensions.swift */,
			);
			path = Extensions;
			sourceTree = "<group>";
		};
		E0C8AB81282438EA00DA36E9 /* Models */ = {
			isa = PBXGroup;
			children = (
				E0C8AB82282438F300DA36E9 /* Realm */,
			);
			path = Models;
			sourceTree = "<group>";
		};
		E0C8AB82282438F300DA36E9 /* Realm */ = {
			isa = PBXGroup;
			children = (
				E0C8AB8328245B4200DA36E9 /* Route.swift */,
				E0C8AB8528245ECD00DA36E9 /* Coordinate.swift */,
				B9518282282ED9790068A165 /* User.swift */,
			);
			path = Realm;
			sourceTree = "<group>";
		};
/* End PBXGroup section */

/* Begin PBXNativeTarget section */
		E04B13D028147BF000058026 /* MapProj */ = {
			isa = PBXNativeTarget;
			buildConfigurationList = E04B13E528147BF300058026 /* Build configuration list for PBXNativeTarget "MapProj" */;
			buildPhases = (
				C72C418851AF8DA00EAB9A95 /* [CP] Check Pods Manifest.lock */,
				E04B13CD28147BF000058026 /* Sources */,
				E04B13CE28147BF000058026 /* Frameworks */,
				E04B13CF28147BF000058026 /* Resources */,
				635D750457F504913328C0B3 /* [CP] Copy Pods Resources */,
				82023F31BC6C717131FA25F2 /* [CP] Embed Pods Frameworks */,
			);
			buildRules = (
			);
			dependencies = (
			);
			name = MapProj;
			productName = MapProj;
			productReference = E04B13D128147BF000058026 /* MapProj.app */;
			productType = "com.apple.product-type.application";
		};
/* End PBXNativeTarget section */

/* Begin PBXProject section */
		E04B13C928147BF000058026 /* Project object */ = {
			isa = PBXProject;
			attributes = {
				BuildIndependentTargetsInParallel = 1;
				LastSwiftUpdateCheck = 1330;
				LastUpgradeCheck = 1330;
				TargetAttributes = {
					E04B13D028147BF000058026 = {
						CreatedOnToolsVersion = 13.3.1;
					};
				};
			};
			buildConfigurationList = E04B13CC28147BF000058026 /* Build configuration list for PBXProject "MapProj" */;
			compatibilityVersion = "Xcode 13.0";
			developmentRegion = en;
			hasScannedForEncodings = 0;
			knownRegions = (
				en,
				Base,
			);
			mainGroup = E04B13C828147BF000058026;
			productRefGroup = E04B13D228147BF000058026 /* Products */;
			projectDirPath = "";
			projectRoot = "";
			targets = (
				E04B13D028147BF000058026 /* MapProj */,
			);
		};
/* End PBXProject section */

/* Begin PBXResourcesBuildPhase section */
		E04B13CF28147BF000058026 /* Resources */ = {
			isa = PBXResourcesBuildPhase;
			buildActionMask = 2147483647;
			files = (
				B9518277282D93520068A165 /* AuthorisationTableViewController.xib in Resources */,
				B951825A282D93520068A165 /* TitleTableViewCell.xib in Resources */,
				B951825C282D93520068A165 /* TextFieldTableViewCell.xib in Resources */,
				E04B13E128147BF300058026 /* LaunchScreen.storyboard in Resources */,
				B951827A282D9A640068A165 /* Localizable.strings in Resources */,
				E04B13DE28147BF300058026 /* Assets.xcassets in Resources */,
				B9518258282D93520068A165 /* ValidationTableViewCell.xib in Resources */,
				E04B13DC28147BF000058026 /* Main.storyboard in Resources */,
				B9518260282D93520068A165 /* ButtonTableViewCell.xib in Resources */,
			);
			runOnlyForDeploymentPostprocessing = 0;
		};
/* End PBXResourcesBuildPhase section */

/* Begin PBXShellScriptBuildPhase section */
		635D750457F504913328C0B3 /* [CP] Copy Pods Resources */ = {
			isa = PBXShellScriptBuildPhase;
			buildActionMask = 2147483647;
			files = (
			);
			inputFileListPaths = (
				"${PODS_ROOT}/Target Support Files/Pods-MapProj/Pods-MapProj-resources-${CONFIGURATION}-input-files.xcfilelist",
			);
			name = "[CP] Copy Pods Resources";
			outputFileListPaths = (
				"${PODS_ROOT}/Target Support Files/Pods-MapProj/Pods-MapProj-resources-${CONFIGURATION}-output-files.xcfilelist",
			);
			runOnlyForDeploymentPostprocessing = 0;
			shellPath = /bin/sh;
			shellScript = "\"${PODS_ROOT}/Target Support Files/Pods-MapProj/Pods-MapProj-resources.sh\"\n";
			showEnvVarsInLog = 0;
		};
		82023F31BC6C717131FA25F2 /* [CP] Embed Pods Frameworks */ = {
			isa = PBXShellScriptBuildPhase;
			buildActionMask = 2147483647;
			files = (
			);
			inputFileListPaths = (
				"${PODS_ROOT}/Target Support Files/Pods-MapProj/Pods-MapProj-frameworks-${CONFIGURATION}-input-files.xcfilelist",
			);
			name = "[CP] Embed Pods Frameworks";
			outputFileListPaths = (
				"${PODS_ROOT}/Target Support Files/Pods-MapProj/Pods-MapProj-frameworks-${CONFIGURATION}-output-files.xcfilelist",
			);
			runOnlyForDeploymentPostprocessing = 0;
			shellPath = /bin/sh;
			shellScript = "\"${PODS_ROOT}/Target Support Files/Pods-MapProj/Pods-MapProj-frameworks.sh\"\n";
			showEnvVarsInLog = 0;
		};
		C72C418851AF8DA00EAB9A95 /* [CP] Check Pods Manifest.lock */ = {
			isa = PBXShellScriptBuildPhase;
			buildActionMask = 2147483647;
			files = (
			);
			inputFileListPaths = (
			);
			inputPaths = (
				"${PODS_PODFILE_DIR_PATH}/Podfile.lock",
				"${PODS_ROOT}/Manifest.lock",
			);
			name = "[CP] Check Pods Manifest.lock";
			outputFileListPaths = (
			);
			outputPaths = (
				"$(DERIVED_FILE_DIR)/Pods-MapProj-checkManifestLockResult.txt",
			);
			runOnlyForDeploymentPostprocessing = 0;
			shellPath = /bin/sh;
			shellScript = "diff \"${PODS_PODFILE_DIR_PATH}/Podfile.lock\" \"${PODS_ROOT}/Manifest.lock\" > /dev/null\nif [ $? != 0 ] ; then\n    # print error to STDERR\n    echo \"error: The sandbox is not in sync with the Podfile.lock. Run 'pod install' or update your CocoaPods installation.\" >&2\n    exit 1\nfi\n# This output is used by Xcode 'outputs' to avoid re-running this script phase.\necho \"SUCCESS\" > \"${SCRIPT_OUTPUT_FILE_0}\"\n";
			showEnvVarsInLog = 0;
		};
/* End PBXShellScriptBuildPhase section */

/* Begin PBXSourcesBuildPhase section */
		E04B13CD28147BF000058026 /* Sources */ = {
			isa = PBXSourcesBuildPhase;
			buildActionMask = 2147483647;
			files = (
				B9518272282D93520068A165 /* RxViewModelProtocol.swift in Sources */,
				B9518269282D93520068A165 /* AuthorisationCellModel.swift in Sources */,
				B951825B282D93520068A165 /* TitleTableViewCell.swift in Sources */,
				B9518262282D93520068A165 /* ButtonViewCell+ReactiveExtensions.swift in Sources */,
				B9518283282ED9790068A165 /* User.swift in Sources */,
				B9518259282D93520068A165 /* ValidationTableViewCell.swift in Sources */,
				B9518263282D93520068A165 /* TextButtonCellModel.swift in Sources */,
				B9518265282D93520068A165 /* TextFieldCellModel.swift in Sources */,
				B951826E282D93520068A165 /* String+Additions.swift in Sources */,
				B951826D282D93520068A165 /* UIFonts+Additions.swift in Sources */,
				B9518271282D93520068A165 /* RxTableViewCell.swift in Sources */,
				B951826B282D93520068A165 /* AppStep.swift in Sources */,
				B9518261282D93520068A165 /* ButtonTableViewCell.swift in Sources */,
				B951821F282D91750068A165 /* IcNames.swift in Sources */,
				E04B13D928147BF000058026 /* MapsViewController.swift in Sources */,
				E04B1436281DCAE500058026 /* Button+Extensions.swift in Sources */,
				B9518268282D93520068A165 /* AuthorisationSectionModel.swift in Sources */,
				B951825D282D93520068A165 /* TextFieldTableViewCell.swift in Sources */,
				E04B13D528147BF000058026 /* AppDelegate.swift in Sources */,
				B9518275282D93520068A165 /* AuthorisationFlow.swift in Sources */,
				B9518266282D93520068A165 /* ValidationCellModel.swift in Sources */,
				B951821E282D91750068A165 /* ColorScheme.swift in Sources */,
				B9518274282D93520068A165 /* RxAuthorisationDataSource.swift in Sources */,
				B9518267282D93520068A165 /* TitleCellModel.swift in Sources */,
				E0C8AB8428245B4200DA36E9 /* Route.swift in Sources */,
				B951826C282D93520068A165 /* UIViewController+Additions.swift in Sources */,
				B9518264282D93520068A165 /* ButtonCellModel.swift in Sources */,
				E04B13D728147BF000058026 /* SceneDelegate.swift in Sources */,
				B9518276282D93520068A165 /* AuthorisationTableViewController.swift in Sources */,
				E0C8AB8628245ECD00DA36E9 /* Coordinate.swift in Sources */,
				B9518273282D93520068A165 /* AuthorisationViewModel.swift in Sources */,
			);
			runOnlyForDeploymentPostprocessing = 0;
		};
/* End PBXSourcesBuildPhase section */

/* Begin PBXVariantGroup section */
		E04B13DA28147BF000058026 /* Main.storyboard */ = {
			isa = PBXVariantGroup;
			children = (
				E04B13DB28147BF000058026 /* Base */,
			);
			name = Main.storyboard;
			sourceTree = "<group>";
		};
		E04B13DF28147BF300058026 /* LaunchScreen.storyboard */ = {
			isa = PBXVariantGroup;
			children = (
				E04B13E028147BF300058026 /* Base */,
			);
			name = LaunchScreen.storyboard;
			sourceTree = "<group>";
		};
/* End PBXVariantGroup section */

/* Begin XCBuildConfiguration section */
		E04B13E328147BF300058026 /* Debug */ = {
			isa = XCBuildConfiguration;
			buildSettings = {
				ALWAYS_SEARCH_USER_PATHS = NO;
				CLANG_ANALYZER_NONNULL = YES;
				CLANG_ANALYZER_NUMBER_OBJECT_CONVERSION = YES_AGGRESSIVE;
				CLANG_CXX_LANGUAGE_STANDARD = "gnu++17";
				CLANG_ENABLE_MODULES = YES;
				CLANG_ENABLE_OBJC_ARC = YES;
				CLANG_ENABLE_OBJC_WEAK = YES;
				CLANG_WARN_BLOCK_CAPTURE_AUTORELEASING = YES;
				CLANG_WARN_BOOL_CONVERSION = YES;
				CLANG_WARN_COMMA = YES;
				CLANG_WARN_CONSTANT_CONVERSION = YES;
				CLANG_WARN_DEPRECATED_OBJC_IMPLEMENTATIONS = YES;
				CLANG_WARN_DIRECT_OBJC_ISA_USAGE = YES_ERROR;
				CLANG_WARN_DOCUMENTATION_COMMENTS = YES;
				CLANG_WARN_EMPTY_BODY = YES;
				CLANG_WARN_ENUM_CONVERSION = YES;
				CLANG_WARN_INFINITE_RECURSION = YES;
				CLANG_WARN_INT_CONVERSION = YES;
				CLANG_WARN_NON_LITERAL_NULL_CONVERSION = YES;
				CLANG_WARN_OBJC_IMPLICIT_RETAIN_SELF = YES;
				CLANG_WARN_OBJC_LITERAL_CONVERSION = YES;
				CLANG_WARN_OBJC_ROOT_CLASS = YES_ERROR;
				CLANG_WARN_QUOTED_INCLUDE_IN_FRAMEWORK_HEADER = YES;
				CLANG_WARN_RANGE_LOOP_ANALYSIS = YES;
				CLANG_WARN_STRICT_PROTOTYPES = YES;
				CLANG_WARN_SUSPICIOUS_MOVE = YES;
				CLANG_WARN_UNGUARDED_AVAILABILITY = YES_AGGRESSIVE;
				CLANG_WARN_UNREACHABLE_CODE = YES;
				CLANG_WARN__DUPLICATE_METHOD_MATCH = YES;
				COPY_PHASE_STRIP = NO;
				DEBUG_INFORMATION_FORMAT = dwarf;
				ENABLE_STRICT_OBJC_MSGSEND = YES;
				ENABLE_TESTABILITY = YES;
				GCC_C_LANGUAGE_STANDARD = gnu11;
				GCC_DYNAMIC_NO_PIC = NO;
				GCC_NO_COMMON_BLOCKS = YES;
				GCC_OPTIMIZATION_LEVEL = 0;
				GCC_PREPROCESSOR_DEFINITIONS = (
					"DEBUG=1",
					"$(inherited)",
				);
				GCC_WARN_64_TO_32_BIT_CONVERSION = YES;
				GCC_WARN_ABOUT_RETURN_TYPE = YES_ERROR;
				GCC_WARN_UNDECLARED_SELECTOR = YES;
				GCC_WARN_UNINITIALIZED_AUTOS = YES_AGGRESSIVE;
				GCC_WARN_UNUSED_FUNCTION = YES;
				GCC_WARN_UNUSED_VARIABLE = YES;
				IPHONEOS_DEPLOYMENT_TARGET = 15.4;
				MTL_ENABLE_DEBUG_INFO = INCLUDE_SOURCE;
				MTL_FAST_MATH = YES;
				ONLY_ACTIVE_ARCH = YES;
				SDKROOT = iphoneos;
				SWIFT_ACTIVE_COMPILATION_CONDITIONS = DEBUG;
				SWIFT_OPTIMIZATION_LEVEL = "-Onone";
			};
			name = Debug;
		};
		E04B13E428147BF300058026 /* Release */ = {
			isa = XCBuildConfiguration;
			buildSettings = {
				ALWAYS_SEARCH_USER_PATHS = NO;
				CLANG_ANALYZER_NONNULL = YES;
				CLANG_ANALYZER_NUMBER_OBJECT_CONVERSION = YES_AGGRESSIVE;
				CLANG_CXX_LANGUAGE_STANDARD = "gnu++17";
				CLANG_ENABLE_MODULES = YES;
				CLANG_ENABLE_OBJC_ARC = YES;
				CLANG_ENABLE_OBJC_WEAK = YES;
				CLANG_WARN_BLOCK_CAPTURE_AUTORELEASING = YES;
				CLANG_WARN_BOOL_CONVERSION = YES;
				CLANG_WARN_COMMA = YES;
				CLANG_WARN_CONSTANT_CONVERSION = YES;
				CLANG_WARN_DEPRECATED_OBJC_IMPLEMENTATIONS = YES;
				CLANG_WARN_DIRECT_OBJC_ISA_USAGE = YES_ERROR;
				CLANG_WARN_DOCUMENTATION_COMMENTS = YES;
				CLANG_WARN_EMPTY_BODY = YES;
				CLANG_WARN_ENUM_CONVERSION = YES;
				CLANG_WARN_INFINITE_RECURSION = YES;
				CLANG_WARN_INT_CONVERSION = YES;
				CLANG_WARN_NON_LITERAL_NULL_CONVERSION = YES;
				CLANG_WARN_OBJC_IMPLICIT_RETAIN_SELF = YES;
				CLANG_WARN_OBJC_LITERAL_CONVERSION = YES;
				CLANG_WARN_OBJC_ROOT_CLASS = YES_ERROR;
				CLANG_WARN_QUOTED_INCLUDE_IN_FRAMEWORK_HEADER = YES;
				CLANG_WARN_RANGE_LOOP_ANALYSIS = YES;
				CLANG_WARN_STRICT_PROTOTYPES = YES;
				CLANG_WARN_SUSPICIOUS_MOVE = YES;
				CLANG_WARN_UNGUARDED_AVAILABILITY = YES_AGGRESSIVE;
				CLANG_WARN_UNREACHABLE_CODE = YES;
				CLANG_WARN__DUPLICATE_METHOD_MATCH = YES;
				COPY_PHASE_STRIP = NO;
				DEBUG_INFORMATION_FORMAT = "dwarf-with-dsym";
				ENABLE_NS_ASSERTIONS = NO;
				ENABLE_STRICT_OBJC_MSGSEND = YES;
				GCC_C_LANGUAGE_STANDARD = gnu11;
				GCC_NO_COMMON_BLOCKS = YES;
				GCC_WARN_64_TO_32_BIT_CONVERSION = YES;
				GCC_WARN_ABOUT_RETURN_TYPE = YES_ERROR;
				GCC_WARN_UNDECLARED_SELECTOR = YES;
				GCC_WARN_UNINITIALIZED_AUTOS = YES_AGGRESSIVE;
				GCC_WARN_UNUSED_FUNCTION = YES;
				GCC_WARN_UNUSED_VARIABLE = YES;
				IPHONEOS_DEPLOYMENT_TARGET = 15.4;
				MTL_ENABLE_DEBUG_INFO = NO;
				MTL_FAST_MATH = YES;
				SDKROOT = iphoneos;
				SWIFT_COMPILATION_MODE = wholemodule;
				SWIFT_OPTIMIZATION_LEVEL = "-O";
				VALIDATE_PRODUCT = YES;
			};
			name = Release;
		};
		E04B13E628147BF300058026 /* Debug */ = {
			isa = XCBuildConfiguration;
			baseConfigurationReference = 153AB330DAEA1B384A468B8D /* Pods-MapProj.debug.xcconfig */;
			buildSettings = {
				ASSETCATALOG_COMPILER_APPICON_NAME = AppIcon;
				ASSETCATALOG_COMPILER_GLOBAL_ACCENT_COLOR_NAME = AccentColor;
				CODE_SIGN_STYLE = Automatic;
				CURRENT_PROJECT_VERSION = 1;
				DEVELOPMENT_TEAM = 7BZ6VJ9448;
				GENERATE_INFOPLIST_FILE = YES;
				INFOPLIST_FILE = MapProj/Info.plist;
				INFOPLIST_KEY_NSLocationAlwaysAndWhenInUseUsageDescription = NSLocationAlwaysAndWhenInUseUsageDescription;
				INFOPLIST_KEY_NSLocationWhenInUseUsageDescription = "Очень нада!!!!";
				INFOPLIST_KEY_UIApplicationSupportsIndirectInputEvents = YES;
				INFOPLIST_KEY_UILaunchStoryboardName = LaunchScreen;
				INFOPLIST_KEY_UIMainStoryboardFile = Main;
				INFOPLIST_KEY_UISupportedInterfaceOrientations_iPad = "UIInterfaceOrientationPortrait UIInterfaceOrientationPortraitUpsideDown UIInterfaceOrientationLandscapeLeft UIInterfaceOrientationLandscapeRight";
				INFOPLIST_KEY_UISupportedInterfaceOrientations_iPhone = "UIInterfaceOrientationPortrait UIInterfaceOrientationLandscapeLeft UIInterfaceOrientationLandscapeRight";
				LD_RUNPATH_SEARCH_PATHS = (
					"$(inherited)",
					"@executable_path/Frameworks",
				);
				MARKETING_VERSION = 1.0;
				PRODUCT_BUNDLE_IDENTIFIER = com.geak.mob.MapProj;
				PRODUCT_NAME = "$(TARGET_NAME)";
				SWIFT_EMIT_LOC_STRINGS = YES;
				SWIFT_VERSION = 5.0;
				TARGETED_DEVICE_FAMILY = "1,2";
			};
			name = Debug;
		};
		E04B13E728147BF300058026 /* Release */ = {
			isa = XCBuildConfiguration;
			baseConfigurationReference = 85276DA6B059FEECE36C5733 /* Pods-MapProj.release.xcconfig */;
			buildSettings = {
				ASSETCATALOG_COMPILER_APPICON_NAME = AppIcon;
				ASSETCATALOG_COMPILER_GLOBAL_ACCENT_COLOR_NAME = AccentColor;
				CODE_SIGN_STYLE = Automatic;
				CURRENT_PROJECT_VERSION = 1;
				DEVELOPMENT_TEAM = 7BZ6VJ9448;
				GENERATE_INFOPLIST_FILE = YES;
				INFOPLIST_FILE = MapProj/Info.plist;
				INFOPLIST_KEY_NSLocationAlwaysAndWhenInUseUsageDescription = NSLocationAlwaysAndWhenInUseUsageDescription;
				INFOPLIST_KEY_NSLocationWhenInUseUsageDescription = "Очень нада!!!!";
				INFOPLIST_KEY_UIApplicationSupportsIndirectInputEvents = YES;
				INFOPLIST_KEY_UILaunchStoryboardName = LaunchScreen;
				INFOPLIST_KEY_UIMainStoryboardFile = Main;
				INFOPLIST_KEY_UISupportedInterfaceOrientations_iPad = "UIInterfaceOrientationPortrait UIInterfaceOrientationPortraitUpsideDown UIInterfaceOrientationLandscapeLeft UIInterfaceOrientationLandscapeRight";
				INFOPLIST_KEY_UISupportedInterfaceOrientations_iPhone = "UIInterfaceOrientationPortrait UIInterfaceOrientationLandscapeLeft UIInterfaceOrientationLandscapeRight";
				LD_RUNPATH_SEARCH_PATHS = (
					"$(inherited)",
					"@executable_path/Frameworks",
				);
				MARKETING_VERSION = 1.0;
				PRODUCT_BUNDLE_IDENTIFIER = com.geak.mob.MapProj;
				PRODUCT_NAME = "$(TARGET_NAME)";
				SWIFT_EMIT_LOC_STRINGS = YES;
				SWIFT_VERSION = 5.0;
				TARGETED_DEVICE_FAMILY = "1,2";
			};
			name = Release;
		};
/* End XCBuildConfiguration section */

/* Begin XCConfigurationList section */
		E04B13CC28147BF000058026 /* Build configuration list for PBXProject "MapProj" */ = {
			isa = XCConfigurationList;
			buildConfigurations = (
				E04B13E328147BF300058026 /* Debug */,
				E04B13E428147BF300058026 /* Release */,
			);
			defaultConfigurationIsVisible = 0;
			defaultConfigurationName = Release;
		};
		E04B13E528147BF300058026 /* Build configuration list for PBXNativeTarget "MapProj" */ = {
			isa = XCConfigurationList;
			buildConfigurations = (
				E04B13E628147BF300058026 /* Debug */,
				E04B13E728147BF300058026 /* Release */,
			);
			defaultConfigurationIsVisible = 0;
			defaultConfigurationName = Release;
		};
/* End XCConfigurationList section */
	};
	rootObject = E04B13C928147BF000058026 /* Project object */;
}
